
Microsoft Visual Studio Solution File, Format Version 12.00
# Visual Studio 15
VisualStudioVersion = 15.0.27428.2011
MinimumVisualStudioVersion = 10.0.40219.1
Project("{FAE04EC0-301F-11D3-BF4B-00C04F79EFBC}") = "ImageService", "ImageService\ImageService.csproj", "{64575223-00EC-4D91-9938-E7EF3B5282A5}"
EndProject
Project("{FAE04EC0-301F-11D3-BF4B-00C04F79EFBC}") = "Tests", "UnitTestProject1\Tests.csproj", "{B010B716-706D-407C-B3C4-F74A79655CD5}"
EndProject
Project("{FAE04EC0-301F-11D3-BF4B-00C04F79EFBC}") = "UI", "UI\UI.csproj", "{93F5F91F-3D0A-4AD4-851B-6AA823F24105}"
EndProject
Project("{FAE04EC0-301F-11D3-BF4B-00C04F79EFBC}") = "Infrastructure", "Infrastructure\Infrastructure.csproj", "{128949CC-94FA-474F-A619-855C1CDB2C65}"
EndProject
Global
	GlobalSection(SolutionConfigurationPlatforms) = preSolution
		Debug|Any CPU = Debug|Any CPU
		Release|Any CPU = Release|Any CPU
	EndGlobalSection
	GlobalSection(ProjectConfigurationPlatforms) = postSolution
		{64575223-00EC-4D91-9938-E7EF3B5282A5}.Debug|Any CPU.ActiveCfg = Debug|Any CPU
		{64575223-00EC-4D91-9938-E7EF3B5282A5}.Debug|Any CPU.Build.0 = Debug|Any CPU
		{64575223-00EC-4D91-9938-E7EF3B5282A5}.Release|Any CPU.ActiveCfg = Release|Any CPU
		{64575223-00EC-4D91-9938-E7EF3B5282A5}.Release|Any CPU.Build.0 = Release|Any CPU
		{B010B716-706D-407C-B3C4-F74A79655CD5}.Debug|Any CPU.ActiveCfg = Debug|Any CPU
		{B010B716-706D-407C-B3C4-F74A79655CD5}.Debug|Any CPU.Build.0 = Debug|Any CPU
		{B010B716-706D-407C-B3C4-F74A79655CD5}.Release|Any CPU.ActiveCfg = Release|Any CPU
		{B010B716-706D-407C-B3C4-F74A79655CD5}.Release|Any CPU.Build.0 = Release|Any CPU
		{93F5F91F-3D0A-4AD4-851B-6AA823F24105}.Debug|Any CPU.ActiveCfg = Debug|Any CPU
		{93F5F91F-3D0A-4AD4-851B-6AA823F24105}.Debug|Any CPU.Build.0 = Debug|Any CPU
		{93F5F91F-3D0A-4AD4-851B-6AA823F24105}.Release|Any CPU.ActiveCfg = Release|Any CPU
		{93F5F91F-3D0A-4AD4-851B-6AA823F24105}.Release|Any CPU.Build.0 = Release|Any CPU
		{128949CC-94FA-474F-A619-855C1CDB2C65}.Debug|Any CPU.ActiveCfg = Debug|Any CPU
		{128949CC-94FA-474F-A619-855C1CDB2C65}.Debug|Any CPU.Build.0 = Debug|Any CPU
		{128949CC-94FA-474F-A619-855C1CDB2C65}.Release|Any CPU.ActiveCfg = Release|Any CPU
		{128949CC-94FA-474F-A619-855C1CDB2C65}.Release|Any CPU.Build.0 = Release|Any CPU
	EndGlobalSection
	GlobalSection(SolutionProperties) = preSolution
		HideSolutionNode = FALSE
	EndGlobalSection
	GlobalSection(ExtensibilityGlobals) = postSolution
		SolutionGuid = {7CC531CC-C26D-4BFA-8CE5-EA178D0C215E}
	EndGlobalSection
EndGlobal
